
Microsoft Visual Studio Solution File, Format Version 12.00
# Visual Studio Version 17
VisualStudioVersion = 17.7.34018.315
MinimumVisualStudioVersion = 10.0.40219.1
Project("{FAE04EC0-301F-11D3-BF4B-00C04F79EFBC}") = "NewsLinker", "NewsLinker\NewsLinker.csproj", "{DCF44562-CB71-4549-A017-DAA0AFFA1488}"
EndProject
Global
	GlobalSection(SolutionConfigurationPlatforms) = preSolution
		Debug|Any CPU = Debug|Any CPU
		Release|Any CPU = Release|Any CPU
	EndGlobalSection
	GlobalSection(ProjectConfigurationPlatforms) = postSolution
		{DCF44562-CB71-4549-A017-DAA0AFFA1488}.Debug|Any CPU.ActiveCfg = Debug|Any CPU
		{DCF44562-CB71-4549-A017-DAA0AFFA1488}.Debug|Any CPU.Build.0 = Debug|Any CPU
		{DCF44562-CB71-4549-A017-DAA0AFFA1488}.Release|Any CPU.ActiveCfg = Release|Any CPU
		{DCF44562-CB71-4549-A017-DAA0AFFA1488}.Release|Any CPU.Build.0 = Release|Any CPU
	EndGlobalSection
	GlobalSection(SolutionProperties) = preSolution
		HideSolutionNode = FALSE
	EndGlobalSection
	GlobalSection(ExtensibilityGlobals) = postSolution
		SolutionGuid = {E6E6148A-AB5E-4262-959D-027D78EC9E45}
	EndGlobalSection
EndGlobal
